
Microsoft Visual Studio Solution File, Format Version 12.00
Project("{FAE04EC0-301F-11D3-BF4B-00C04F79EFBC}") = "Zjazd_4", "Zjazd_4\Zjazd_4.csproj", "{4825AF26-5E18-46F2-8407-78535FBDCEA7}"
EndProject
Global
	GlobalSection(SolutionConfigurationPlatforms) = preSolution
		Debug|Any CPU = Debug|Any CPU
		Release|Any CPU = Release|Any CPU
	EndGlobalSection
	GlobalSection(ProjectConfigurationPlatforms) = postSolution
		{4825AF26-5E18-46F2-8407-78535FBDCEA7}.Debug|Any CPU.ActiveCfg = Debug|Any CPU
		{4825AF26-5E18-46F2-8407-78535FBDCEA7}.Debug|Any CPU.Build.0 = Debug|Any CPU
		{4825AF26-5E18-46F2-8407-78535FBDCEA7}.Release|Any CPU.ActiveCfg = Release|Any CPU
		{4825AF26-5E18-46F2-8407-78535FBDCEA7}.Release|Any CPU.Build.0 = Release|Any CPU
	EndGlobalSection
EndGlobal
